// !$*UTF8*$!
{
	archiveVersion = 1;
	classes = {
	};
	objectVersion = 51;
	objects = {

/* Begin PBXBuildFile section */
		8B1F04B8235ABC9E0053E667 /* LaunchScreen.storyboard in Resources */ = {isa = PBXBuildFile; fileRef = 8B1F04B7235ABC9E0053E667 /* LaunchScreen.storyboard */; };
		8B1F04BA235ABD9B0053E667 /* Launch.swift in Sources */ = {isa = PBXBuildFile; fileRef = 8B1F04B9235ABD9B0053E667 /* Launch.swift */; };
		8B9F9D58234FCBE400FCD3CE /* AppDelegate.swift in Sources */ = {isa = PBXBuildFile; fileRef = 8B9F9D57234FCBE400FCD3CE /* AppDelegate.swift */; };
		8B9F9D5A234FCBE400FCD3CE /* SceneDelegate.swift in Sources */ = {isa = PBXBuildFile; fileRef = 8B9F9D59234FCBE400FCD3CE /* SceneDelegate.swift */; };
		8B9F9D5C234FCBE400FCD3CE /* ContentView.swift in Sources */ = {isa = PBXBuildFile; fileRef = 8B9F9D5B234FCBE400FCD3CE /* ContentView.swift */; };
		8B9F9D5E234FCBE600FCD3CE /* Assets.xcassets in Resources */ = {isa = PBXBuildFile; fileRef = 8B9F9D5D234FCBE600FCD3CE /* Assets.xcassets */; };
		8B9F9D61234FCBE600FCD3CE /* Preview Assets.xcassets in Resources */ = {isa = PBXBuildFile; fileRef = 8B9F9D60234FCBE600FCD3CE /* Preview Assets.xcassets */; };
		8B9F9D64234FCBE600FCD3CE /* Main.storyboard in Resources */ = {isa = PBXBuildFile; fileRef = 8B9F9D62234FCBE600FCD3CE /* Main.storyboard */; };
		8B9F9D6C234FCCD700FCD3CE /* GoogleService-Info.plist in Resources */ = {isa = PBXBuildFile; fileRef = 8B9F9D6B234FCCD700FCD3CE /* GoogleService-Info.plist */; };
		8B9F9D6E235A920300FCD3CE /* SigninViewController.swift in Sources */ = {isa = PBXBuildFile; fileRef = 8B9F9D6D235A920300FCD3CE /* SigninViewController.swift */; };
		8B9F9D70235A929300FCD3CE /* HomePageView.swift in Sources */ = {isa = PBXBuildFile; fileRef = 8B9F9D6F235A929300FCD3CE /* HomePageView.swift */; };
		8B9F9D72235A929D00FCD3CE /* LoginFailViewController.swift in Sources */ = {isa = PBXBuildFile; fileRef = 8B9F9D71235A929D00FCD3CE /* LoginFailViewController.swift */; };
		F4A2ADBC0FDA43E76EFE8D0D /* Pods_swe447semproj.framework in Frameworks */ = {isa = PBXBuildFile; fileRef = 4DC405B293E8E4D3FB840FEA /* Pods_swe447semproj.framework */; };
/* End PBXBuildFile section */

/* Begin PBXFileReference section */
		3481815CAAFFDD5DF19B847C /* Pods-swe447semproj.release.xcconfig */ = {isa = PBXFileReference; includeInIndex = 1; lastKnownFileType = text.xcconfig; name = "Pods-swe447semproj.release.xcconfig"; path = "Target Support Files/Pods-swe447semproj/Pods-swe447semproj.release.xcconfig"; sourceTree = "<group>"; };
		4DC405B293E8E4D3FB840FEA /* Pods_swe447semproj.framework */ = {isa = PBXFileReference; explicitFileType = wrapper.framework; includeInIndex = 0; path = Pods_swe447semproj.framework; sourceTree = BUILT_PRODUCTS_DIR; };
		8B1F04B7235ABC9E0053E667 /* LaunchScreen.storyboard */ = {isa = PBXFileReference; lastKnownFileType = file.storyboard; path = LaunchScreen.storyboard; sourceTree = "<group>"; };
		8B1F04B9235ABD9B0053E667 /* Launch.swift */ = {isa = PBXFileReference; lastKnownFileType = sourcecode.swift; path = Launch.swift; sourceTree = "<group>"; };
		8B9F9D54234FCBE400FCD3CE /* swe447semproj.app */ = {isa = PBXFileReference; explicitFileType = wrapper.application; includeInIndex = 0; path = swe447semproj.app; sourceTree = BUILT_PRODUCTS_DIR; };
		8B9F9D57234FCBE400FCD3CE /* AppDelegate.swift */ = {isa = PBXFileReference; lastKnownFileType = sourcecode.swift; path = AppDelegate.swift; sourceTree = "<group>"; };
		8B9F9D59234FCBE400FCD3CE /* SceneDelegate.swift */ = {isa = PBXFileReference; lastKnownFileType = sourcecode.swift; path = SceneDelegate.swift; sourceTree = "<group>"; };
		8B9F9D5B234FCBE400FCD3CE /* ContentView.swift */ = {isa = PBXFileReference; lastKnownFileType = sourcecode.swift; path = ContentView.swift; sourceTree = "<group>"; };
		8B9F9D5D234FCBE600FCD3CE /* Assets.xcassets */ = {isa = PBXFileReference; lastKnownFileType = folder.assetcatalog; path = Assets.xcassets; sourceTree = "<group>"; };
		8B9F9D60234FCBE600FCD3CE /* Preview Assets.xcassets */ = {isa = PBXFileReference; lastKnownFileType = folder.assetcatalog; path = "Preview Assets.xcassets"; sourceTree = "<group>"; };
		8B9F9D63234FCBE600FCD3CE /* Base */ = {isa = PBXFileReference; lastKnownFileType = file.storyboard; name = Base; path = Base.lproj/Main.storyboard; sourceTree = "<group>"; };
		8B9F9D65234FCBE600FCD3CE /* Info.plist */ = {isa = PBXFileReference; lastKnownFileType = text.plist.xml; path = Info.plist; sourceTree = "<group>"; };
		8B9F9D6B234FCCD700FCD3CE /* GoogleService-Info.plist */ = {isa = PBXFileReference; fileEncoding = 4; lastKnownFileType = text.plist.xml; name = "GoogleService-Info.plist"; path = "../../../../Downloads/GoogleService-Info.plist"; sourceTree = "<group>"; };
		8B9F9D6D235A920300FCD3CE /* SigninViewController.swift */ = {isa = PBXFileReference; lastKnownFileType = sourcecode.swift; path = SigninViewController.swift; sourceTree = "<group>"; };
		8B9F9D6F235A929300FCD3CE /* HomePageView.swift */ = {isa = PBXFileReference; lastKnownFileType = sourcecode.swift; path = HomePageView.swift; sourceTree = "<group>"; };
		8B9F9D71235A929D00FCD3CE /* LoginFailViewController.swift */ = {isa = PBXFileReference; lastKnownFileType = sourcecode.swift; path = LoginFailViewController.swift; sourceTree = "<group>"; };
		DDA61B48DE20E879EADDBC45 /* Pods-swe447semproj.debug.xcconfig */ = {isa = PBXFileReference; includeInIndex = 1; lastKnownFileType = text.xcconfig; name = "Pods-swe447semproj.debug.xcconfig"; path = "Target Support Files/Pods-swe447semproj/Pods-swe447semproj.debug.xcconfig"; sourceTree = "<group>"; };
/* End PBXFileReference section */

/* Begin PBXFrameworksBuildPhase section */
		8B9F9D51234FCBE400FCD3CE /* Frameworks */ = {
			isa = PBXFrameworksBuildPhase;
			buildActionMask = 2147483647;
			files = (
				F4A2ADBC0FDA43E76EFE8D0D /* Pods_swe447semproj.framework in Frameworks */,
			);
			runOnlyForDeploymentPostprocessing = 0;
		};
/* End PBXFrameworksBuildPhase section */

/* Begin PBXGroup section */
		78F1C78F5711946D9CDE8263 /* Pods */ = {
			isa = PBXGroup;
			children = (
				DDA61B48DE20E879EADDBC45 /* Pods-swe447semproj.debug.xcconfig */,
				3481815CAAFFDD5DF19B847C /* Pods-swe447semproj.release.xcconfig */,
			);
			path = Pods;
			sourceTree = "<group>";
		};
		8B9F9D4B234FCBE400FCD3CE = {
			isa = PBXGroup;
			children = (
				8B9F9D56234FCBE400FCD3CE /* swe447semproj */,
				8B9F9D55234FCBE400FCD3CE /* Products */,
				78F1C78F5711946D9CDE8263 /* Pods */,
				A4ED9CFA1F0F934AE648FC5D /* Frameworks */,
			);
			sourceTree = "<group>";
		};
		8B9F9D55234FCBE400FCD3CE /* Products */ = {
			isa = PBXGroup;
			children = (
				8B9F9D54234FCBE400FCD3CE /* swe447semproj.app */,
			);
			name = Products;
			sourceTree = "<group>";
		};
		8B9F9D56234FCBE400FCD3CE /* swe447semproj */ = {
			isa = PBXGroup;
			children = (
				8B9F9D73235A95DD00FCD3CE /* ViewControllers */,
				8B9F9D6B234FCCD700FCD3CE /* GoogleService-Info.plist */,
				8B9F9D57234FCBE400FCD3CE /* AppDelegate.swift */,
				8B9F9D59234FCBE400FCD3CE /* SceneDelegate.swift */,
				8B9F9D5B234FCBE400FCD3CE /* ContentView.swift */,
				8B9F9D5D234FCBE600FCD3CE /* Assets.xcassets */,
				8B9F9D62234FCBE600FCD3CE /* Main.storyboard */,
				8B9F9D65234FCBE600FCD3CE /* Info.plist */,
				8B9F9D5F234FCBE600FCD3CE /* Preview Content */,
				8B1F04B7235ABC9E0053E667 /* LaunchScreen.storyboard */,
				8B1F04B9235ABD9B0053E667 /* Launch.swift */,
			);
			path = swe447semproj;
			sourceTree = "<group>";
		};
		8B9F9D5F234FCBE600FCD3CE /* Preview Content */ = {
			isa = PBXGroup;
			children = (
				8B9F9D60234FCBE600FCD3CE /* Preview Assets.xcassets */,
			);
			path = "Preview Content";
			sourceTree = "<group>";
		};
		8B9F9D73235A95DD00FCD3CE /* ViewControllers */ = {
			isa = PBXGroup;
			children = (
				8B9F9D6D235A920300FCD3CE /* SigninViewController.swift */,
				8B9F9D6F235A929300FCD3CE /* HomePageView.swift */,
				8B9F9D71235A929D00FCD3CE /* LoginFailViewController.swift */,
			);
			path = ViewControllers;
			sourceTree = "<group>";
		};
		A4ED9CFA1F0F934AE648FC5D /* Frameworks */ = {
			isa = PBXGroup;
			children = (
				4DC405B293E8E4D3FB840FEA /* Pods_swe447semproj.framework */,
			);
			name = Frameworks;
			sourceTree = "<group>";
		};
/* End PBXGroup section */

/* Begin PBXNativeTarget section */
		8B9F9D53234FCBE400FCD3CE /* swe447semproj */ = {
			isa = PBXNativeTarget;
			buildConfigurationList = 8B9F9D68234FCBE600FCD3CE /* Build configuration list for PBXNativeTarget "swe447semproj" */;
			buildPhases = (
				25052032BBEF9568239C6297 /* [CP] Check Pods Manifest.lock */,
				8B9F9D50234FCBE400FCD3CE /* Sources */,
				8B9F9D51234FCBE400FCD3CE /* Frameworks */,
				8B9F9D52234FCBE400FCD3CE /* Resources */,
				A9C4A86D099F6E1FF7024DA4 /* [CP] Embed Pods Frameworks */,
				57489104AA20AD6E654B7C78 /* [CP] Copy Pods Resources */,
			);
			buildRules = (
			);
			dependencies = (
			);
			name = swe447semproj;
			productName = swe447semproj;
			productReference = 8B9F9D54234FCBE400FCD3CE /* swe447semproj.app */;
			productType = "com.apple.product-type.application";
		};
/* End PBXNativeTarget section */

/* Begin PBXProject section */
		8B9F9D4C234FCBE400FCD3CE /* Project object */ = {
			isa = PBXProject;
			attributes = {
				LastSwiftUpdateCheck = 1100;
				LastUpgradeCheck = 1100;
				ORGANIZATIONNAME = SWE447;
				TargetAttributes = {
					8B9F9D53234FCBE400FCD3CE = {
						CreatedOnToolsVersion = 11.0;
					};
				};
			};
			buildConfigurationList = 8B9F9D4F234FCBE400FCD3CE /* Build configuration list for PBXProject "swe447semproj" */;
			compatibilityVersion = "Xcode 9.3";
			developmentRegion = en;
			hasScannedForEncodings = 0;
			knownRegions = (
				en,
				Base,
			);
			mainGroup = 8B9F9D4B234FCBE400FCD3CE;
			productRefGroup = 8B9F9D55234FCBE400FCD3CE /* Products */;
			projectDirPath = "";
			projectRoot = "";
			targets = (
				8B9F9D53234FCBE400FCD3CE /* swe447semproj */,
			);
		};
/* End PBXProject section */

/* Begin PBXResourcesBuildPhase section */
		8B9F9D52234FCBE400FCD3CE /* Resources */ = {
			isa = PBXResourcesBuildPhase;
			buildActionMask = 2147483647;
			files = (
				8B9F9D64234FCBE600FCD3CE /* Main.storyboard in Resources */,
				8B1F04B8235ABC9E0053E667 /* LaunchScreen.storyboard in Resources */,
				8B9F9D6C234FCCD700FCD3CE /* GoogleService-Info.plist in Resources */,
				8B9F9D61234FCBE600FCD3CE /* Preview Assets.xcassets in Resources */,
				8B9F9D5E234FCBE600FCD3CE /* Assets.xcassets in Resources */,
			);
			runOnlyForDeploymentPostprocessing = 0;
		};
/* End PBXResourcesBuildPhase section */

/* Begin PBXShellScriptBuildPhase section */
		25052032BBEF9568239C6297 /* [CP] Check Pods Manifest.lock */ = {
			isa = PBXShellScriptBuildPhase;
			buildActionMask = 2147483647;
			files = (
			);
			inputFileListPaths = (
			);
			inputPaths = (
				"${PODS_PODFILE_DIR_PATH}/Podfile.lock",
				"${PODS_ROOT}/Manifest.lock",
			);
			name = "[CP] Check Pods Manifest.lock";
			outputFileListPaths = (
			);
			outputPaths = (
				"$(DERIVED_FILE_DIR)/Pods-swe447semproj-checkManifestLockResult.txt",
			);
			runOnlyForDeploymentPostprocessing = 0;
			shellPath = /bin/sh;
			shellScript = "diff \"${PODS_PODFILE_DIR_PATH}/Podfile.lock\" \"${PODS_ROOT}/Manifest.lock\" > /dev/null\nif [ $? != 0 ] ; then\n    # print error to STDERR\n    echo \"error: The sandbox is not in sync with the Podfile.lock. Run 'pod install' or update your CocoaPods installation.\" >&2\n    exit 1\nfi\n# This output is used by Xcode 'outputs' to avoid re-running this script phase.\necho \"SUCCESS\" > \"${SCRIPT_OUTPUT_FILE_0}\"\n";
			showEnvVarsInLog = 0;
		};
		57489104AA20AD6E654B7C78 /* [CP] Copy Pods Resources */ = {
			isa = PBXShellScriptBuildPhase;
			buildActionMask = 2147483647;
			files = (
			);
			inputFileListPaths = (
				"${PODS_ROOT}/Target Support Files/Pods-swe447semproj/Pods-swe447semproj-resources-${CONFIGURATION}-input-files.xcfilelist",
			);
			name = "[CP] Copy Pods Resources";
			outputFileListPaths = (
				"${PODS_ROOT}/Target Support Files/Pods-swe447semproj/Pods-swe447semproj-resources-${CONFIGURATION}-output-files.xcfilelist",
			);
			runOnlyForDeploymentPostprocessing = 0;
			shellPath = /bin/sh;
			shellScript = "\"${PODS_ROOT}/Target Support Files/Pods-swe447semproj/Pods-swe447semproj-resources.sh\"\n";
			showEnvVarsInLog = 0;
		};
		A9C4A86D099F6E1FF7024DA4 /* [CP] Embed Pods Frameworks */ = {
			isa = PBXShellScriptBuildPhase;
			buildActionMask = 2147483647;
			files = (
			);
			inputFileListPaths = (
				"${PODS_ROOT}/Target Support Files/Pods-swe447semproj/Pods-swe447semproj-frameworks-${CONFIGURATION}-input-files.xcfilelist",
			);
			name = "[CP] Embed Pods Frameworks";
			outputFileListPaths = (
				"${PODS_ROOT}/Target Support Files/Pods-swe447semproj/Pods-swe447semproj-frameworks-${CONFIGURATION}-output-files.xcfilelist",
			);
			runOnlyForDeploymentPostprocessing = 0;
			shellPath = /bin/sh;
			shellScript = "\"${PODS_ROOT}/Target Support Files/Pods-swe447semproj/Pods-swe447semproj-frameworks.sh\"\n";
			showEnvVarsInLog = 0;
		};
/* End PBXShellScriptBuildPhase section */

/* Begin PBXSourcesBuildPhase section */
		8B9F9D50234FCBE400FCD3CE /* Sources */ = {
			isa = PBXSourcesBuildPhase;
			buildActionMask = 2147483647;
			files = (
				8B9F9D6E235A920300FCD3CE /* SigninViewController.swift in Sources */,
				8B9F9D58234FCBE400FCD3CE /* AppDelegate.swift in Sources */,
				8B9F9D5A234FCBE400FCD3CE /* SceneDelegate.swift in Sources */,
				8B9F9D5C234FCBE400FCD3CE /* ContentView.swift in Sources */,
				8B1F04BA235ABD9B0053E667 /* Launch.swift in Sources */,
				8B9F9D72235A929D00FCD3CE /* LoginFailViewController.swift in Sources */,
				8B9F9D70235A929300FCD3CE /* HomePageView.swift in Sources */,
			);
			runOnlyForDeploymentPostprocessing = 0;
		};
/* End PBXSourcesBuildPhase section */

/* Begin PBXVariantGroup section */
		8B9F9D62234FCBE600FCD3CE /* Main.storyboard */ = {
			isa = PBXVariantGroup;
			children = (
				8B9F9D63234FCBE600FCD3CE /* Base */,
			);
			name = Main.storyboard;
			sourceTree = "<group>";
		};
/* End PBXVariantGroup section */

/* Begin XCBuildConfiguration section */
		8B9F9D66234FCBE600FCD3CE /* Debug */ = {
			isa = XCBuildConfiguration;
			buildSettings = {
				ALWAYS_SEARCH_USER_PATHS = NO;
				CLANG_ANALYZER_NONNULL = YES;
				CLANG_ANALYZER_NUMBER_OBJECT_CONVERSION = YES_AGGRESSIVE;
				CLANG_CXX_LANGUAGE_STANDARD = "gnu++14";
				CLANG_CXX_LIBRARY = "libc++";
				CLANG_ENABLE_MODULES = YES;
				CLANG_ENABLE_OBJC_ARC = YES;
				CLANG_ENABLE_OBJC_WEAK = YES;
				CLANG_WARN_BLOCK_CAPTURE_AUTORELEASING = YES;
				CLANG_WARN_BOOL_CONVERSION = YES;
				CLANG_WARN_COMMA = YES;
				CLANG_WARN_CONSTANT_CONVERSION = YES;
				CLANG_WARN_DEPRECATED_OBJC_IMPLEMENTATIONS = YES;
				CLANG_WARN_DIRECT_OBJC_ISA_USAGE = YES_ERROR;
				CLANG_WARN_DOCUMENTATION_COMMENTS = YES;
				CLANG_WARN_EMPTY_BODY = YES;
				CLANG_WARN_ENUM_CONVERSION = YES;
				CLANG_WARN_INFINITE_RECURSION = YES;
				CLANG_WARN_INT_CONVERSION = YES;
				CLANG_WARN_NON_LITERAL_NULL_CONVERSION = YES;
				CLANG_WARN_OBJC_IMPLICIT_RETAIN_SELF = YES;
				CLANG_WARN_OBJC_LITERAL_CONVERSION = YES;
				CLANG_WARN_OBJC_ROOT_CLASS = YES_ERROR;
				CLANG_WARN_RANGE_LOOP_ANALYSIS = YES;
				CLANG_WARN_STRICT_PROTOTYPES = YES;
				CLANG_WARN_SUSPICIOUS_MOVE = YES;
				CLANG_WARN_UNGUARDED_AVAILABILITY = YES_AGGRESSIVE;
				CLANG_WARN_UNREACHABLE_CODE = YES;
				CLANG_WARN__DUPLICATE_METHOD_MATCH = YES;
				COPY_PHASE_STRIP = NO;
				DEBUG_INFORMATION_FORMAT = dwarf;
				ENABLE_STRICT_OBJC_MSGSEND = YES;
				ENABLE_TESTABILITY = YES;
				GCC_C_LANGUAGE_STANDARD = gnu11;
				GCC_DYNAMIC_NO_PIC = NO;
				GCC_NO_COMMON_BLOCKS = YES;
				GCC_OPTIMIZATION_LEVEL = 0;
				GCC_PREPROCESSOR_DEFINITIONS = (
					"DEBUG=1",
					"$(inherited)",
				);
				GCC_WARN_64_TO_32_BIT_CONVERSION = YES;
				GCC_WARN_ABOUT_RETURN_TYPE = YES_ERROR;
				GCC_WARN_UNDECLARED_SELECTOR = YES;
				GCC_WARN_UNINITIALIZED_AUTOS = YES_AGGRESSIVE;
				GCC_WARN_UNUSED_FUNCTION = YES;
				GCC_WARN_UNUSED_VARIABLE = YES;
				IPHONEOS_DEPLOYMENT_TARGET = 13.0;
				MTL_ENABLE_DEBUG_INFO = INCLUDE_SOURCE;
				MTL_FAST_MATH = YES;
				ONLY_ACTIVE_ARCH = YES;
				SDKROOT = iphoneos;
				SWIFT_ACTIVE_COMPILATION_CONDITIONS = DEBUG;
				SWIFT_OPTIMIZATION_LEVEL = "-Onone";
			};
			name = Debug;
		};
		8B9F9D67234FCBE600FCD3CE /* Release */ = {
			isa = XCBuildConfiguration;
			buildSettings = {
				ALWAYS_SEARCH_USER_PATHS = NO;
				CLANG_ANALYZER_NONNULL = YES;
				CLANG_ANALYZER_NUMBER_OBJECT_CONVERSION = YES_AGGRESSIVE;
				CLANG_CXX_LANGUAGE_STANDARD = "gnu++14";
				CLANG_CXX_LIBRARY = "libc++";
				CLANG_ENABLE_MODULES = YES;
				CLANG_ENABLE_OBJC_ARC = YES;
				CLANG_ENABLE_OBJC_WEAK = YES;
				CLANG_WARN_BLOCK_CAPTURE_AUTORELEASING = YES;
				CLANG_WARN_BOOL_CONVERSION = YES;
				CLANG_WARN_COMMA = YES;
				CLANG_WARN_CONSTANT_CONVERSION = YES;
				CLANG_WARN_DEPRECATED_OBJC_IMPLEMENTATIONS = YES;
				CLANG_WARN_DIRECT_OBJC_ISA_USAGE = YES_ERROR;
				CLANG_WARN_DOCUMENTATION_COMMENTS = YES;
				CLANG_WARN_EMPTY_BODY = YES;
				CLANG_WARN_ENUM_CONVERSION = YES;
				CLANG_WARN_INFINITE_RECURSION = YES;
				CLANG_WARN_INT_CONVERSION = YES;
				CLANG_WARN_NON_LITERAL_NULL_CONVERSION = YES;
				CLANG_WARN_OBJC_IMPLICIT_RETAIN_SELF = YES;
				CLANG_WARN_OBJC_LITERAL_CONVERSION = YES;
				CLANG_WARN_OBJC_ROOT_CLASS = YES_ERROR;
				CLANG_WARN_RANGE_LOOP_ANALYSIS = YES;
				CLANG_WARN_STRICT_PROTOTYPES = YES;
				CLANG_WARN_SUSPICIOUS_MOVE = YES;
				CLANG_WARN_UNGUARDED_AVAILABILITY = YES_AGGRESSIVE;
				CLANG_WARN_UNREACHABLE_CODE = YES;
				CLANG_WARN__DUPLICATE_METHOD_MATCH = YES;
				COPY_PHASE_STRIP = NO;
				DEBUG_INFORMATION_FORMAT = "dwarf-with-dsym";
				ENABLE_NS_ASSERTIONS = NO;
				ENABLE_STRICT_OBJC_MSGSEND = YES;
				GCC_C_LANGUAGE_STANDARD = gnu11;
				GCC_NO_COMMON_BLOCKS = YES;
				GCC_WARN_64_TO_32_BIT_CONVERSION = YES;
				GCC_WARN_ABOUT_RETURN_TYPE = YES_ERROR;
				GCC_WARN_UNDECLARED_SELECTOR = YES;
				GCC_WARN_UNINITIALIZED_AUTOS = YES_AGGRESSIVE;
				GCC_WARN_UNUSED_FUNCTION = YES;
				GCC_WARN_UNUSED_VARIABLE = YES;
				IPHONEOS_DEPLOYMENT_TARGET = 13.0;
				MTL_ENABLE_DEBUG_INFO = NO;
				MTL_FAST_MATH = YES;
				SDKROOT = iphoneos;
				SWIFT_COMPILATION_MODE = wholemodule;
				SWIFT_OPTIMIZATION_LEVEL = "-O";
				VALIDATE_PRODUCT = YES;
			};
			name = Release;
		};
		8B9F9D69234FCBE600FCD3CE /* Debug */ = {
			isa = XCBuildConfiguration;
			baseConfigurationReference = DDA61B48DE20E879EADDBC45 /* Pods-swe447semproj.debug.xcconfig */;
			buildSettings = {
				ASSETCATALOG_COMPILER_APPICON_NAME = AppIcon;
				CODE_SIGN_STYLE = Automatic;
				DEVELOPMENT_ASSET_PATHS = "\"swe447semproj/Preview Content\"";
				DEVELOPMENT_TEAM = FL8MSFDS68;
				ENABLE_PREVIEWS = YES;
				INFOPLIST_FILE = swe447semproj/Info.plist;
				LD_RUNPATH_SEARCH_PATHS = (
					"$(inherited)",
					"@executable_path/Frameworks",
				);
				PRODUCT_BUNDLE_IDENTIFIER = com.testproject.swe447semproj;
				PRODUCT_NAME = "$(TARGET_NAME)";
				SWIFT_VERSION = 5.0;
				TARGETED_DEVICE_FAMILY = "1,2";
			};
			name = Debug;
		};
		8B9F9D6A234FCBE600FCD3CE /* Release */ = {
			isa = XCBuildConfiguration;
			baseConfigurationReference = 3481815CAAFFDD5DF19B847C /* Pods-swe447semproj.release.xcconfig */;
			buildSettings = {
				ASSETCATALOG_COMPILER_APPICON_NAME = AppIcon;
				CODE_SIGN_STYLE = Automatic;
				DEVELOPMENT_ASSET_PATHS = "\"swe447semproj/Preview Content\"";
				DEVELOPMENT_TEAM = FL8MSFDS68;
				ENABLE_PREVIEWS = YES;
				INFOPLIST_FILE = swe447semproj/Info.plist;
				LD_RUNPATH_SEARCH_PATHS = (
					"$(inherited)",
					"@executable_path/Frameworks",
				);
				PRODUCT_BUNDLE_IDENTIFIER = com.testproject.swe447semproj;
				PRODUCT_NAME = "$(TARGET_NAME)";
				SWIFT_VERSION = 5.0;
				TARGETED_DEVICE_FAMILY = "1,2";
			};
			name = Release;
		};
/* End XCBuildConfiguration section */

/* Begin XCConfigurationList section */
		8B9F9D4F234FCBE400FCD3CE /* Build configuration list for PBXProject "swe447semproj" */ = {
			isa = XCConfigurationList;
			buildConfigurations = (
				8B9F9D66234FCBE600FCD3CE /* Debug */,
				8B9F9D67234FCBE600FCD3CE /* Release */,
			);
			defaultConfigurationIsVisible = 0;
			defaultConfigurationName = Release;
		};
		8B9F9D68234FCBE600FCD3CE /* Build configuration list for PBXNativeTarget "swe447semproj" */ = {
			isa = XCConfigurationList;
			buildConfigurations = (
				8B9F9D69234FCBE600FCD3CE /* Debug */,
				8B9F9D6A234FCBE600FCD3CE /* Release */,
			);
			defaultConfigurationIsVisible = 0;
			defaultConfigurationName = Release;
		};
/* End XCConfigurationList section */
	};
	rootObject = 8B9F9D4C234FCBE400FCD3CE /* Project object */;
}
